
Microsoft Visual Studio Solution File, Format Version 12.00
# Visual Studio 15
VisualStudioVersion = 15.0.28010.2050
MinimumVisualStudioVersion = 10.0.40219.1
Project("{F184B08F-C81C-45F6-A57F-5ABD9991F28F}") = "WindowsApp2", "WindowsApp2\WindowsApp2.vbproj", "{181752C1-F40A-46A4-BA44-58F5EADABFB4}"
EndProject
Project("{930C7802-8A8C-48F9-8165-68863BCCD9DD}") = "SetupProject1", "SetupProject1\SetupProject1.wixproj", "{2483F66D-87E8-4978-ABE5-590FE630B3D0}"
EndProject
Project("{2150E333-8FDC-42A3-9474-1A3956D46DE8}") = "Solution Items", "Solution Items", "{585DBBF5-6B3F-4E61-9B85-1A4AA771D86B}"
	ProjectSection(SolutionItems) = preProject
		ReadMe.txt = ReadMe.txt
	EndProjectSection
EndProject
Global
	GlobalSection(SolutionConfigurationPlatforms) = preSolution
		Debug|Any CPU = Debug|Any CPU
		Debug|Mixed Platforms = Debug|Mixed Platforms
		Debug|x64 = Debug|x64
		Debug|x86 = Debug|x86
		Release|Any CPU = Release|Any CPU
		Release|Mixed Platforms = Release|Mixed Platforms
		Release|x64 = Release|x64
		Release|x86 = Release|x86
	EndGlobalSection
	GlobalSection(ProjectConfigurationPlatforms) = postSolution
		{181752C1-F40A-46A4-BA44-58F5EADABFB4}.Debug|Any CPU.ActiveCfg = Debug|Any CPU
		{181752C1-F40A-46A4-BA44-58F5EADABFB4}.Debug|Any CPU.Build.0 = Debug|Any CPU
		{181752C1-F40A-46A4-BA44-58F5EADABFB4}.Debug|Mixed Platforms.ActiveCfg = Debug|Any CPU
		{181752C1-F40A-46A4-BA44-58F5EADABFB4}.Debug|Mixed Platforms.Build.0 = Debug|Any CPU
		{181752C1-F40A-46A4-BA44-58F5EADABFB4}.Debug|x64.ActiveCfg = Debug|Any CPU
		{181752C1-F40A-46A4-BA44-58F5EADABFB4}.Debug|x64.Build.0 = Debug|Any CPU
		{181752C1-F40A-46A4-BA44-58F5EADABFB4}.Debug|x86.ActiveCfg = Debug|Any CPU
		{181752C1-F40A-46A4-BA44-58F5EADABFB4}.Debug|x86.Build.0 = Debug|Any CPU
		{181752C1-F40A-46A4-BA44-58F5EADABFB4}.Release|Any CPU.ActiveCfg = Release|Any CPU
		{181752C1-F40A-46A4-BA44-58F5EADABFB4}.Release|Any CPU.Build.0 = Release|Any CPU
		{181752C1-F40A-46A4-BA44-58F5EADABFB4}.Release|Mixed Platforms.ActiveCfg = Release|Any CPU
		{181752C1-F40A-46A4-BA44-58F5EADABFB4}.Release|Mixed Platforms.Build.0 = Release|Any CPU
		{181752C1-F40A-46A4-BA44-58F5EADABFB4}.Release|x64.ActiveCfg = Release|Any CPU
		{181752C1-F40A-46A4-BA44-58F5EADABFB4}.Release|x64.Build.0 = Release|Any CPU
		{181752C1-F40A-46A4-BA44-58F5EADABFB4}.Release|x86.ActiveCfg = Release|Any CPU
		{181752C1-F40A-46A4-BA44-58F5EADABFB4}.Release|x86.Build.0 = Release|Any CPU
		{2483F66D-87E8-4978-ABE5-590FE630B3D0}.Debug|Any CPU.ActiveCfg = Debug|x86
		{2483F66D-87E8-4978-ABE5-590FE630B3D0}.Debug|Mixed Platforms.ActiveCfg = Debug|x86
		{2483F66D-87E8-4978-ABE5-590FE630B3D0}.Debug|Mixed Platforms.Build.0 = Debug|x86
		{2483F66D-87E8-4978-ABE5-590FE630B3D0}.Debug|x64.ActiveCfg = Debug|x86
		{2483F66D-87E8-4978-ABE5-590FE630B3D0}.Debug|x86.ActiveCfg = Debug|x86
		{2483F66D-87E8-4978-ABE5-590FE630B3D0}.Debug|x86.Build.0 = Debug|x86
		{2483F66D-87E8-4978-ABE5-590FE630B3D0}.Release|Any CPU.ActiveCfg = Release|x86
		{2483F66D-87E8-4978-ABE5-590FE630B3D0}.Release|Mixed Platforms.ActiveCfg = Release|x86
		{2483F66D-87E8-4978-ABE5-590FE630B3D0}.Release|Mixed Platforms.Build.0 = Release|x86
		{2483F66D-87E8-4978-ABE5-590FE630B3D0}.Release|x64.ActiveCfg = Release|x86
		{2483F66D-87E8-4978-ABE5-590FE630B3D0}.Release|x86.ActiveCfg = Release|x86
		{2483F66D-87E8-4978-ABE5-590FE630B3D0}.Release|x86.Build.0 = Release|x86
	EndGlobalSection
	GlobalSection(SolutionProperties) = preSolution
		HideSolutionNode = FALSE
	EndGlobalSection
	GlobalSection(ExtensibilityGlobals) = postSolution
		SolutionGuid = {6830675B-C3CE-478B-8655-40ABCE60565F}
	EndGlobalSection
EndGlobal
